<?xml version="1.0" encoding="utf-8"?>
<Project ToolsVersion="4.0" xmlns="http://schemas.microsoft.com/developer/msbuild/2003">
  <ItemGroup>
    <Filter Include="Source Files">
      <UniqueIdentifier>{4FC737F1-C7A5-4376-A066-2A32D752A2FF}</UniqueIdentifier>
      <Extensions>cpp;c;cc;cxx;def;odl;idl;hpj;bat;asm;asmx</Extensions>
    </Filter>
    <Filter Include="Header Files">
      <UniqueIdentifier>{93995380-89BD-4b04-88EB-625FBE52EBFB}</UniqueIdentifier>
      <Extensions>h;hh;hpp;hxx;hm;inl;inc;ipp;xsd</Extensions>
    </Filter>
    <Filter Include="States">
      <UniqueIdentifier>{0c77e13d-fb7a-4c79-8095-ce7ed73e9224}</UniqueIdentifier>
    </Filter>
    <Filter Include="Entities">
      <UniqueIdentifier>{38d8bffb-82f9-498c-8b3b-1d26e5335f76}</UniqueIdentifier>
    </Filter>
    <Filter Include="PCH">
      <UniqueIdentifier>{37acaeed-bc84-4692-ac16-16a4e81c48ab}</UniqueIdentifier>
    </Filter>
    <Filter Include="GUI">
      <UniqueIdentifier>{948452cf-fff9-4f4b-aaa4-eecab09e9b9c}</UniqueIdentifier>
    </Filter>
    <Filter Include="Managers">
      <UniqueIdentifier>{53f8c38a-d6e5-4e05-8d4f-46dec1ce346d}</UniqueIdentifier>
    </Filter>
    <Filter Include="GUI\Scenes">
      <UniqueIdentifier>{18fe1624-1123-4345-83a3-d59f2ffd9640}</UniqueIdentifier>
    </Filter>
    <Filter Include="GUI\HUD">
      <UniqueIdentifier>{5420417a-f0d2-4701-9d73-b674d5ed5a4a}</UniqueIdentifier>
    </Filter>
    <Filter Include="External">
      <UniqueIdentifier>{7239a133-658c-4bdb-948b-f327c9d22440}</UniqueIdentifier>
    </Filter>
    <Filter Include="External\Levels">
      <UniqueIdentifier>{0a010f51-884b-4964-9bd9-867ee4a621fc}</UniqueIdentifier>
    </Filter>
    <Filter Include="External\Config">
      <UniqueIdentifier>{113b1e49-02eb-42e0-b49f-b92462020987}</UniqueIdentifier>
    </Filter>
    <Filter Include="External\Shaders">
      <UniqueIdentifier>{9417d2dd-ff02-444d-947e-332e2e681718}</UniqueIdentifier>
    </Filter>
  </ItemGroup>
  <ItemGroup>
    <ClCompile Include="main.cpp">
      <Filter>Source Files</Filter>
    </ClCompile>
    <ClCompile Include="PixelArena.cpp">
      <Filter>Source Files</Filter>
    </ClCompile>
    <ClCompile Include="LevelMap.cpp">
      <Filter>Source Files</Filter>
    </ClCompile>
    <ClCompile Include="State_Gameplay.cpp">
      <Filter>States</Filter>
    </ClCompile>
    <ClCompile Include="GameState.cpp">
      <Filter>States</Filter>
    </ClCompile>
    <ClCompile Include="Entity.cpp">
      <Filter>Entities</Filter>
    </ClCompile>
    <ClCompile Include="Player.cpp">
      <Filter>Entities</Filter>
    </ClCompile>
    <ClCompile Include="Timer.cpp">
      <Filter>Source Files</Filter>
    </ClCompile>
    <ClCompile Include="stdafx.cpp">
      <Filter>PCH</Filter>
    </ClCompile>
    <ClCompile Include="InGameUI.cpp">
      <Filter>GUI\HUD</Filter>
    </ClCompile>
    <ClCompile Include="Orc.cpp">
      <Filter>Entities</Filter>
    </ClCompile>
    <ClCompile Include="State_MainMenu.cpp">
      <Filter>States</Filter>
    </ClCompile>
    <ClCompile Include="Button.cpp">
      <Filter>GUI</Filter>
    </ClCompile>
    <ClCompile Include="ResourceManager.cpp">
      <Filter>Managers</Filter>
    </ClCompile>
    <ClCompile Include="LogManager.cpp">
      <Filter>Managers</Filter>
    </ClCompile>
    <ClCompile Include="EntityManager.cpp">
      <Filter>Managers</Filter>
    </ClCompile>
    <ClCompile Include="Scene.cpp">
      <Filter>GUI\Scenes</Filter>
    </ClCompile>
    <ClCompile Include="Scene_MainMenu.cpp">
      <Filter>GUI\Scenes</Filter>
    </ClCompile>
    <ClCompile Include="Scene_Help.cpp">
      <Filter>GUI\Scenes</Filter>
    </ClCompile>
    <ClCompile Include="Scene_Options.cpp">
      <Filter>GUI\Scenes</Filter>
    </ClCompile>
    <ClCompile Include="State_Pause.cpp">
      <Filter>States</Filter>
    </ClCompile>
    <ClCompile Include="Scene_Pause.cpp">
      <Filter>GUI\Scenes</Filter>
    </ClCompile>
    <ClCompile Include="State_Editor.cpp">
      <Filter>States</Filter>
    </ClCompile>
  </ItemGroup>
  <ItemGroup>
    <ClInclude Include="resource.h">
      <Filter>Header Files</Filter>
    </ClInclude>
    <ClInclude Include="PixelArena.h">
      <Filter>Header Files</Filter>
    </ClInclude>
    <ClInclude Include="LevelMap.h">
      <Filter>Header Files</Filter>
    </ClInclude>
    <ClInclude Include="State_Gameplay.h">
      <Filter>States</Filter>
    </ClInclude>
    <ClInclude Include="GameState.h">
      <Filter>States</Filter>
    </ClInclude>
    <ClInclude Include="Entity.h">
      <Filter>Entities</Filter>
    </ClInclude>
    <ClInclude Include="Player.h">
      <Filter>Entities</Filter>
    </ClInclude>
    <ClInclude Include="Timer.h">
      <Filter>Header Files</Filter>
    </ClInclude>
    <ClInclude Include="stdafx.h">
      <Filter>PCH</Filter>
    </ClInclude>
    <ClInclude Include="InGameUI.h">
      <Filter>GUI\HUD</Filter>
    </ClInclude>
    <ClInclude Include="Orc.h">
      <Filter>Entities</Filter>
    </ClInclude>
    <ClInclude Include="State_MainMenu.h">
      <Filter>States</Filter>
    </ClInclude>
    <ClInclude Include="Button.h">
      <Filter>GUI</Filter>
    </ClInclude>
    <ClInclude Include="ResourceManager.h">
      <Filter>Managers</Filter>
    </ClInclude>
    <ClInclude Include="LogManager.h">
      <Filter>Managers</Filter>
    </ClInclude>
    <ClInclude Include="EntityManager.h">
      <Filter>Managers</Filter>
    </ClInclude>
    <ClInclude Include="Scene.h">
      <Filter>GUI\Scenes</Filter>
    </ClInclude>
    <ClInclude Include="Scene_MainMenu.h">
      <Filter>GUI\Scenes</Filter>
    </ClInclude>
    <ClInclude Include="resource1.h">
      <Filter>Header Files</Filter>
    </ClInclude>
    <ClInclude Include="resource2.h">
      <Filter>Header Files</Filter>
    </ClInclude>
    <ClInclude Include="Scene_Help.h">
      <Filter>GUI\Scenes</Filter>
    </ClInclude>
    <ClInclude Include="Scene_Options.h">
      <Filter>GUI\Scenes</Filter>
    </ClInclude>
    <ClInclude Include="State_Pause.h">
      <Filter>States</Filter>
    </ClInclude>
    <ClInclude Include="Scene_Pause.h">
      <Filter>GUI\Scenes</Filter>
    </ClInclude>
    <ClInclude Include="State_Editor.h">
      <Filter>States</Filter>
    </ClInclude>
  </ItemGroup>
  <ItemGroup>
    <ResourceCompile Include="Pixel Arena2.rc" />
  </ItemGroup>
  <ItemGroup>
    <Image Include="Textures\GUI\Icon.ico" />
  </ItemGroup>
  <ItemGroup>
    <None Include="Levels\M1.jac">
      <Filter>External\Levels</Filter>
    </None>
    <None Include="Config\Window.ini">
      <Filter>External\Config</Filter>
    </None>
    <None Include="Shaders\ClipEntity.frag">
      <Filter>External\Shaders</Filter>
    </None>
    <None Include="Shaders\FlipScreen.frag">
      <Filter>External\Shaders</Filter>
    </None>
    <None Include="Levels\M2.jac">
      <Filter>External\Levels</Filter>
    </None>
    <None Include="Levels\M3.jac">
      <Filter>External\Levels</Filter>
    </None>
    <None Include="Shaders\FlipScreenBlur.frag">
      <Filter>External\Shaders</Filter>
    </None>
  </ItemGroup>
</Project>